NeoBundleLock CSScomb-for-Vim 3fa936353012307104e95ba126c945e7ff3d7245
NeoBundleLock FastFold 92da91216f3debd53b641a65aeef540db28163f4
NeoBundleLock Join 9a6815881646710d1a53267eaa01a7d7b4777d73
NeoBundleLock LaTeX-Box 3c2901e12cb78bfb2be58ba4c62a488612550fe1
NeoBundleLock MatchTagAlways e59a8d1315343ff76802f0a44ff8b59e999d83f4
NeoBundleLock Recover.vim f6c403331ec2a082744e0f182d231deb41672683
NeoBundleLock TweetVim 3cedd9680baf5a8a0d233dda2b3a83775290e9b9
NeoBundleLock UnconditionalPaste 1ace5e3aae521499679f254950d4a06d176d7ba2
NeoBundleLock VimCalc bdfd242a3179fb777f31053bd781b83ec2a1e534
NeoBundleLock ag.vim 4a0dd6e190f446e5a016b44fdaa2feafc582918e
NeoBundleLock benchvimrc-vim 00c5e2299d3c7fcba2ae4218ad7a8ebdf45e7737
NeoBundleLock clam.vim 74cbd8782d77de29c32d8806871639444b3c4314
NeoBundleLock cosco.vim dfbd187b20401f636e9cacd008f876ce190b32ca
NeoBundleLock devdocs.vim 4ee0c77f0fd5b82202f63360cc549629730c0e5a
NeoBundleLock emmet-vim 26899b9981d8ede8d01ad9d64a3a102c762694d2
NeoBundleLock fugitive-gitlab.vim 565497b7b70d3b638a4fb53ab644c581f9d60e0d
NeoBundleLock funcoo.vim acb0b4f38f26ecd7760b893ef8c2b2183e280d63
NeoBundleLock gist-vim 88c331e2e07765090112a396e5e119b39b5aa754
NeoBundleLock gitv f0616624ee77e3a29a5d5faba02a5453bc45681b
NeoBundleLock glowshi-ft.vim f64d531d2068bd56173b064301d1f80f5517ee5b
NeoBundleLock gtags.vim edaf1c6a4cff11959d4b716fe4a49b6ad5b1c169
NeoBundleLock gundo.vim e7fe41024ace9047eee610f23311d44fd9d917c0
NeoBundleLock html5.vim fccd580f5f11d576169ee347907c9fbd77af410a
NeoBundleLock incsearch.vim 161c5b66542e767962ca5f6998a22e984f8d8a60
NeoBundleLock indentLine 2a2617310b0fb4c0daf02be2ba465fada257f2d0
NeoBundleLock inline_edit.vim 4a2ad9a1850ee009f687090bd33b4d7fdfe2d36b
NeoBundleLock investigate.vim 326edb7d00e05d51d3773bc724cd2a69c5e4fa71
NeoBundleLock junkfile.vim 959b3137dda456789d402b416d962baefc3b5ab4
NeoBundleLock lexima.vim b5fc3e46a60deac9e53aa24bf626d0a22b99c8c6
NeoBundleLock lightline.vim 430ce2cb063b39a0c7950cafd617e333acb6759a
NeoBundleLock linediff.vim 0c60eb4de8827d762137e7d956219ee7f5b67494
NeoBundleLock matchit.zip ced6c409c9beeb0b4142d21906606bd194411d1d
NeoBundleLock neco-look 86a5e98d02dc3a96e42e41921cae3f153db0edfa
NeoBundleLock neobundle.vim 5ec955740d45cd5162fa257fde89b151477e294d
NeoBundleLock neocomplete 71800331948b1bc3c3d79dbbf203a274cd5b6f56
NeoBundleLock neomru.vim e86ebb07c3498e81b13a195330831eb845555633
NeoBundleLock neosnippet d5bef2e5bed5400733728765bf1fe671a655d209
NeoBundleLock neosnippet-snippets 17219351bcbec3708295c72c8280471eed12b8fe
NeoBundleLock nerdcommenter e2d47bec2662d5fcd324d17e22dc37f38c97bf2d
NeoBundleLock open-browser.vim e2bfabfc758351ee3087d4c697d1953660d943ee
NeoBundleLock operator-camelize.vim 9a970d68d7e3f2134a079329e6f5bcf331cd7262
NeoBundleLock plantuml-syntax c6e62f9e0bd5f37ceae4d3fa40b30c866ac6d900
NeoBundleLock previm b5dba0837b464063284a8a97e7b9e5e378db545c
NeoBundleLock qfixhowm 05b1f65325ac54d5abb896d826514e05ab41aedf
NeoBundleLock scilab.vim d3d8af2b82a43c0f0e1c55e5834d4ec398ea73b2
NeoBundleLock scss-syntax.vim bf65d5d7d2a9314e19ec60d648f012b0e896ebee
NeoBundleLock shabadou.vim c5af30bb0c028d53cfd89e00cab636c844034a9a
NeoBundleLock sideways.vim abc255142b5a96d1ea7bfbe48839e5e94887bd8c
NeoBundleLock splice.vim 4d322d823563f6fd2d72c129b1e99f5a98060fa8
NeoBundleLock splitjoin.vim a6f9ddcfb58f13fdefb656eb67e5d39616c4148a
NeoBundleLock switch.vim fec2065ebd5c00723bc7e35d95991332ad6e53a3
NeoBundleLock syntastic cee74e0c1af934065fd1b3046e53cda76574f703
NeoBundleLock tabular 00e1e7fcdbc6d753e0bc8043e0d2546fa81bf367
NeoBundleLock tagbar 7b36c46d17d57db34fdb0adac9ba6382d0bb5e66
NeoBundleLock targets.vim 5c2ae9dbe358b2b78bd887e09ff8d10294b2b23c
NeoBundleLock textobj-word-column.vim cb40e1459817a7fa23741ff6df05e4481bde5a33
NeoBundleLock twibill.vim a1ef62a2d0800d53838a981410b41a73150e1b74
NeoBundleLock unite-compiler ccbbdacaf5aeffd0341b8f4d97a242dd70b9b25f
NeoBundleLock unite-ghq 586d7ae71e570810871efab0a29540cea4316dee
NeoBundleLock unite-git fdf7457e851ddcc278c7952398ecc904ead16f12
NeoBundleLock unite-gtags 9374da872a702c4ca82b33e31e8f389ce02d2d66
NeoBundleLock unite-help 5a8dc6cf157627f8ebf16ca60dec2d4125f8008f
NeoBundleLock unite-mark c6353b0b0a3ecb2dd316b57a351cd71eb580bf57
NeoBundleLock unite-outline 984fe3e42b9997a45537f330c93a0af7db07f40a
NeoBundleLock unite-quickfix f9b8d5f95ff2536abca1e81bd67dc740e5ee24a6
NeoBundleLock unite-rails 1509884b919f0669e07cd73eb86118dd916c3af7
NeoBundleLock unite-rake 8050686ff413450d6b70bcff75781e9814c64420
NeoBundleLock unite-tag 478585124a52bea51344bc61f4b9a85a791591ac
NeoBundleLock unite.vim 9a7c505db45d4b535138e880a4905a8f06f19a88
NeoBundleLock vim-abolish e6a170cda8ee542ec5f1384c9643d4330ee6b181
NeoBundleLock vim-accordion 8342e9be672555eb06f592067caf026872d94e34
NeoBundleLock vim-addon-local-vimrc 6a27f95b35befa70cd0d049329cd0920566c764b
NeoBundleLock vim-altercmd 69b471b3b215bbebd2580d1663dc811f9a09b25a
NeoBundleLock vim-autoformat b9f566b514295edfce36c8d7cecb4d3c1b4224c2
NeoBundleLock vim-bookmarks c1cfec17fd81f51411e559ea32c97ce8f5510b0c
NeoBundleLock vim-bundler b42217a20cd4cac5a00096dc4e98d2497c21b3fe
NeoBundleLock vim-capslock 6c5b03ecf8bae9c2ca140b735bcbd4ea79ac147a
NeoBundleLock vim-characterize c6d26e5017ab8637bac30db7448ddabfaa238cce
NeoBundleLock vim-coffee-script 0f4bd9776cfd0fd2a394a4b1991630698e4fdc2d
NeoBundleLock vim-colors-solarized 528a59f26d12278698bb946f8fb82a63711eec21
NeoBundleLock vim-css-color ba98bd138ee15dbf6b6dc3b7080c0e65e0657c76
NeoBundleLock vim-css3-syntax 5c81b99e3e73908d042c76e48f4de1c5ed12bb30
NeoBundleLock vim-ctrlspace f7987e4e21b238732632be704d033a73aacbb65d
NeoBundleLock vim-dispatch 5f5c22c9ed48ee64fc5f02ac3acd543b97732fe8
NeoBundleLock vim-exchange b1cae9237e945803a2988f30d456e5bafb7b44f6
NeoBundleLock vim-expand 9158214ce31da5ef77a08721cf8c8d630a01dd2b
NeoBundleLock vim-extradite 52326f6d333cdbb9e9c6d6772af87f4f39c00526
NeoBundleLock vim-fidget 4309192ab420b46f9c0c7a9feaee367497e90561
NeoBundleLock vim-fugitive c00ebd75ac23f4080c0d0bf9453b16304a3fb316
NeoBundleLock vim-fugitive-blame-ext dd4096e17891cbd501d1464689fe414b7e37550b
NeoBundleLock vim-git 79f5482e091710c6613ac8653dfa2e41d148a527
NeoBundleLock vim-go dede10f4af759f7e8c95c0bb16257e789d46f50d
NeoBundleLock vim-haml 1f2e47c78c2faf90ff419c2f4e1241094844678c
NeoBundleLock vim-hardtime 93ed99803df721648a9b93f0ccd4afe3d8d95a4e
NeoBundleLock vim-hier 0b8c365263551a67404ebd7e528c55e17c1d3de7
NeoBundleLock vim-html5validator 9354f66df436efb33f4b93c2a169eb7c655f3d4c
NeoBundleLock vim-javascript 26c7330de100eb1d1809858358c2ccd5b2a74078
NeoBundleLock vim-jdaddy fccddca8092ca3dfa843e9e33fc7be8c8ef1c727
NeoBundleLock vim-json f5e3181d0b33a9c51377bb7ea8492feddca8b503
NeoBundleLock vim-misc 3e6b8fb6f03f13434543ce1f5d24f6a5d3f34f0b
NeoBundleLock vim-mustache-handlebars d1c983f3dd9a159c128c5192062caf7d47fd0f14
NeoBundleLock vim-obsession ad1ef9a0db9a03463b005b488fd27cb735317394
NeoBundleLock vim-online-thesaurus b27ecc3f2babe5c30b7bdd2297fa4f94d62c53d2
NeoBundleLock vim-operator-assign 705e5a5a3c052452f3ed786778fa394753387cc9
NeoBundleLock vim-operator-replace 1345a556a321a092716e149d4765a5e17c0e9f0f
NeoBundleLock vim-operator-user c3dfd41c1ed516b4b901c97562e644de62c367aa
NeoBundleLock vim-prettyprint c49f3ccfe7d8d475b2d0bc06d44684b15ba0f692
NeoBundleLock vim-projectionist 372d529d22ac6d2952472438157ee03b7a3fd8ae
NeoBundleLock vim-qfreplace 89e64ae24fb4b8e2402ba6d84971c06606f4adf4
NeoBundleLock vim-quickhl 8f24bf90d746c27349bf8a6244484c0cbfe762eb
NeoBundleLock vim-quickrun 5149ecd1502b7fc2583cb8799ac1a0c72c41f828
NeoBundleLock vim-rails b5d8d50e1c3d4c99b0d128fa232dde9c43219833
NeoBundleLock vim-randomtag 4e4e0e5e2ee500263de4e1ca8bac2fd3a99371eb
NeoBundleLock vim-ref 007b0ac409100cf2b83eb7dace5c8235e3737fef
NeoBundleLock vim-ref-ri e3a2dbb71af73bf15c9c2134cc3630edc60331eb
NeoBundleLock vim-reload 0a601a668727f5b675cb1ddc19f6861f3f7ab9e1
NeoBundleLock vim-repeat 7a6675f092842c8f81e71d5345bd7cdbf3759415
NeoBundleLock vim-rubocop 1c57918086d22cc9db829125f6b78226feae86a3
NeoBundleLock vim-scala 16beb5378b487c2ddbdc9ed7241b145cd2df33f4
NeoBundleLock vim-scriptease b9720e64c676f0c747a3829e1f0b1b86daedefd8
NeoBundleLock vim-signature 782ed5284ddf6ef3695f8b3314facd8c6113c725
NeoBundleLock vim-sleuth a17462708aa40a7fc0afd4effa559087d8a2c908
NeoBundleLock vim-slime bd57c785b9725d61bb26d49cbec3aef2edcfad27
NeoBundleLock vim-sneak 8f7fe76ae5de6cb04250a0d4fab82735121ca527
NeoBundleLock vim-snippets d285c86221e917d13c6cbf89f347627ea9fe1796
NeoBundleLock vim-speeddating 426c792e479f6e1650a6996c683943a09344c21e
NeoBundleLock vim-submode d44a302b3ca97c8014c35c93893ca8fec0b95e4e
NeoBundleLock vim-surround e49d6c2459e0f5569ff2d533b4df995dd7f98313
NeoBundleLock vim-swift 1dbed3e3909ac1e5be7f45b7776e97bcf723e7e3
NeoBundleLock vim-terraform c46934384a68be72c589e034db198cd59ba8136a
NeoBundleLock vim-test d58b23a4d466ccaf11fd1b1343c0685a78f937f1
NeoBundleLock vim-textmanip 5382160a3a1831de711079ad62982eccb3f34016
NeoBundleLock vim-textobj-between b4986c108a6c335d9619fc035b8c0d3f6f0b8183
NeoBundleLock vim-textobj-datetime be2db6717e91bd14b99ab364ea09347903a6dce4
NeoBundleLock vim-textobj-enclosedsyntax d6ee9fbdf9b5fc594f473d9110bd9ba3036b3e66
NeoBundleLock vim-textobj-entire 41c12e1d957f9247cf31b7444a3077c581d2776c
NeoBundleLock vim-textobj-fold 947d768785e2d1e7484c5d729cd0e5a8e53e9584
NeoBundleLock vim-textobj-function adb50f38499b1f558cbd58845e3e91117e4538cf
NeoBundleLock vim-textobj-indent deb76867c302f933c8f21753806cbf2d8461b548
NeoBundleLock vim-textobj-rubyblock e9edab34fc6389b10a6887ad09b4b6ed6e56c667
NeoBundleLock vim-textobj-rubysymbol 7fd2a8bde1be3030dccddaa6e2be16bac4f2c881
NeoBundleLock vim-textobj-underscore 41fcdacaa5c763063a4b4f715cc22962075f22d6
NeoBundleLock vim-textobj-user a3054162c09bcf732624f43ddacbd85dad09713b
NeoBundleLock vim-textobj-variable-segment d4453e1ad7cb0b47c7fb2ccf204729ab74361f5a
NeoBundleLock vim-tmux 876f0bd2a7296c985fc9e68e23495621c1c554e1
NeoBundleLock vim-twig 4e8e678f0f46bd75db4530fbe1ec05dd941764da
NeoBundleLock vim-unimpaired 11dc568dbfd7a56866a4354c737515769f08e9fe
NeoBundleLock vim-unite-giti ea33f94d282605d09f5be789f26e7334e420952b
NeoBundleLock vim-unite-history 73c766a4dcaa52a1c0306aad81403dc4457c1776
NeoBundleLock vim-unstack a6c562fd2582fc8258b72ced0011ac2e6eb81525
NeoBundleLock vim-vigemo f6d4484b5e7405be6f0b6ef061ec35c86189fbb8
NeoBundleLock vim_goshrepl db5e2ad7d0ff51d0b4d8e4a8ac4943dcacd4230f
NeoBundleLock vimfiler 7216090936e16e1c3449d60d384de6a4858df533
NeoBundleLock vimproc c2f6b82af60a4e7acde0e8dc4e6b6f5dc1cc8e1d
NeoBundleLock vimroom b9d1fa7d460dac878cbc8c945a45439d92ce0cb2
NeoBundleLock vimux 2285cefee9dfb2139ebc8299d11a6c8c0f21309e
NeoBundleLock w3m.vim 228a852b188f1a62ecea55fa48b0ec892fa6bad7
NeoBundleLock webapi-vim e3fa93f29a3a0754204002775e140d8a9acfd7fd
