NeoBundleLock CSScomb-for-Vim 3fa936353012307104e95ba126c945e7ff3d7245
NeoBundleLock FastFold 12e60714c2307c2379fd8498912aac23dc037474
NeoBundleLock Join 9a6815881646710d1a53267eaa01a7d7b4777d73
NeoBundleLock LaTeX-Box 3c2901e12cb78bfb2be58ba4c62a488612550fe1
NeoBundleLock MatchTagAlways e59a8d1315343ff76802f0a44ff8b59e999d83f4
NeoBundleLock QFGrep a2cfae688ee0af859b7e888c80482361410d14ee
NeoBundleLock Recover.vim e28314b8915115258ced937ff9bae2d4b190370d
NeoBundleLock TweetVim f218a770b27f2c61708c01650c0e3ffdbd052930
NeoBundleLock UnconditionalPaste 1ace5e3aae521499679f254950d4a06d176d7ba2
NeoBundleLock VimCalc bdfd242a3179fb777f31053bd781b83ec2a1e534
NeoBundleLock auto-git-diff 271a10c99f4cb1807769d724ea38293e5789502d
NeoBundleLock benchvimrc-vim 00c5e2299d3c7fcba2ae4218ad7a8ebdf45e7737
NeoBundleLock clam.vim 13cbd335ca03901c6ba125763c94e6f696584104
NeoBundleLock cosco.vim 38f1aefa94410849f3cb02f4756dbe307255a16c
NeoBundleLock devdocs.vim 4ee0c77f0fd5b82202f63360cc549629730c0e5a
NeoBundleLock emmet-vim 5442207ccb4468ee511a3ae5aa4d81839b247d24
NeoBundleLock fugitive-gitlab.vim 565497b7b70d3b638a4fb53ab644c581f9d60e0d
NeoBundleLock funcoo.vim acb0b4f38f26ecd7760b893ef8c2b2183e280d63
NeoBundleLock gist-vim f0d63579eab7548cf12f979dc52ef5a370ecbe63
NeoBundleLock gitv c007ba35bd80afce6f3dcbc337fb9c99c38241ce
NeoBundleLock glowshi-ft.vim f64d531d2068bd56173b064301d1f80f5517ee5b
NeoBundleLock gtags.vim edaf1c6a4cff11959d4b716fe4a49b6ad5b1c169
NeoBundleLock gundo.vim b4f3624d01ffdfd7bdcd2e19128fffe768fe6262
NeoBundleLock html5.vim fc64e3d0de438a02dcfbe9d6fc7d73dbf721ce21
NeoBundleLock incsearch.vim 213994fb3d75a30d3c1f8b965910f662d11cb1fd
NeoBundleLock indentLine 942fea03e62695108a303c5c08644d02ca1a90e5
NeoBundleLock inline_edit.vim 38cd13086bbca4ed0f77c3768cb78745b2ef409c
NeoBundleLock investigate.vim 326edb7d00e05d51d3773bc724cd2a69c5e4fa71
NeoBundleLock junkfile.vim 959b3137dda456789d402b416d962baefc3b5ab4
NeoBundleLock lexima.vim 0aa05cbe10d3dc4de239754eb167ca82025415b0
NeoBundleLock lightline.vim a63a00d548fd20457a4f31d31fb9c8fe8a7ebc2a
NeoBundleLock linediff.vim 1633535197ad9757ac7f107e03b4d08e7d45d03d
NeoBundleLock matchit.zip ced6c409c9beeb0b4142d21906606bd194411d1d
NeoBundleLock neco-look 73407f0e8c8d7468549ce8ffbfabfc21aff03b3b
NeoBundleLock neobundle.vim 5ec955740d45cd5162fa257fde89b151477e294d
NeoBundleLock neocomplete 9617d825c0d4acdb18aec903e9c1c0443058d18b
NeoBundleLock neomru.vim c7bf447627679a3f06f0f3caf893b0497d0aa90b
NeoBundleLock neosnippet 1bd7e23c79b73da16eb0c9469b25c376d3594583
NeoBundleLock neosnippet-snippets 8e2b1c0cab9ed9a832b3743dbb65e9966a64331a
NeoBundleLock nerdcommenter 59552f2e885a70371d7059b6ef22d57eb365d4a0
NeoBundleLock nginx.vim 152bbb2dc00c2df37049ccf75f68f294208c72cb
NeoBundleLock open-browser.vim 2780c6858d921271afbf001582405a2494fd51ca
NeoBundleLock operator-camelize.vim 1d029632bc7ba28a8ecf59274d2b958046348611
NeoBundleLock plantuml-syntax 4739bf58195f8436597c86a941c7cfa598578ffd
NeoBundleLock previm e9967c225ddbcc67b45f6de7d3e2c5c656ef8fb6
NeoBundleLock qfixhowm b599c5f77c501bd5c281eae97a1fa917403563e9
NeoBundleLock scilab.vim d3d8af2b82a43c0f0e1c55e5834d4ec398ea73b2
NeoBundleLock scss-syntax.vim 4461789d02f81fd328afbdf27d6404b6c763c25f
NeoBundleLock shabadou.vim 7d4bfed1ea8985ae125df3d1403cc19e252443e1
NeoBundleLock sideways.vim f867b1a55239e38b90309f81b9b5eb7131e3d809
NeoBundleLock splice.vim c500afa9eed8c69527cd2b24401d12afb654d992
NeoBundleLock splitjoin.vim 3df38ab1f0c3c21a0112aa3dc05f9cc6118e4606
NeoBundleLock switch.vim ddc069787c98ab90580667062908750257f43a34
NeoBundleLock syntastic 6fb14d624b6081459360fdbba743f82cf84c8f92
NeoBundleLock tabular 00e1e7fcdbc6d753e0bc8043e0d2546fa81bf367
NeoBundleLock tagbar 959f48798136bfd4ce60075d3c86c580fcf5e5c5
NeoBundleLock targets.vim f8b2d4bd21ea73ebe8eaa3e9f9bdc1b42d1b7b4c
NeoBundleLock textobj-word-column.vim cb40e1459817a7fa23741ff6df05e4481bde5a33
NeoBundleLock twibill.vim a1ef62a2d0800d53838a981410b41a73150e1b74
NeoBundleLock unite-compiler ccbbdacaf5aeffd0341b8f4d97a242dd70b9b25f
NeoBundleLock unite-ghq 586d7ae71e570810871efab0a29540cea4316dee
NeoBundleLock unite-git fdf7457e851ddcc278c7952398ecc904ead16f12
NeoBundleLock unite-gtags 9374da872a702c4ca82b33e31e8f389ce02d2d66
NeoBundleLock unite-help 5a8dc6cf157627f8ebf16ca60dec2d4125f8008f
NeoBundleLock unite-mark c6353b0b0a3ecb2dd316b57a351cd71eb580bf57
NeoBundleLock unite-outline dc4cd47d2e178e312765855cca6c863cbde67a68
NeoBundleLock unite-quickfix f9b8d5f95ff2536abca1e81bd67dc740e5ee24a6
NeoBundleLock unite-rails 1509884b919f0669e07cd73eb86118dd916c3af7
NeoBundleLock unite-rake 8050686ff413450d6b70bcff75781e9814c64420
NeoBundleLock unite-tag 478585124a52bea51344bc61f4b9a85a791591ac
NeoBundleLock unite.vim 9a7c505db45d4b535138e880a4905a8f06f19a88
NeoBundleLock vim-abolish 05c7d31f6b3066582017edf5198502a94f6a7cb5
NeoBundleLock vim-accordion af61f3774682a0d057b371442e06978e79f15162
NeoBundleLock vim-addon-local-vimrc 6a27f95b35befa70cd0d049329cd0920566c764b
NeoBundleLock vim-altercmd 69b471b3b215bbebd2580d1663dc811f9a09b25a
NeoBundleLock vim-asterisk e804486fe9d66cf1fba179a6c2915dcaba18f2ea
NeoBundleLock vim-autoformat 42adced2500134017180ec37d10a8ffcde48e825
NeoBundleLock vim-bookmarks 04a3d92dc4910e3464c1effdf69767bdf89180c2
NeoBundleLock vim-bundler b42217a20cd4cac5a00096dc4e98d2497c21b3fe
NeoBundleLock vim-capslock 6c5b03ecf8bae9c2ca140b735bcbd4ea79ac147a
NeoBundleLock vim-characterize c6d26e5017ab8637bac30db7448ddabfaa238cce
NeoBundleLock vim-coffee-script 72f48c3f9bb6ba4f9ba1e6e4933c2c25686a1b62
NeoBundleLock vim-colors-solarized 528a59f26d12278698bb946f8fb82a63711eec21
NeoBundleLock vim-css-color 2411b84298eb6db034001f35ce7cc32c36f9b43b
NeoBundleLock vim-css3-syntax 52ac61ae9b27242315897c648475b6e6250d43b6
NeoBundleLock vim-ctrlspace f7987e4e21b238732632be704d033a73aacbb65d
NeoBundleLock vim-dispatch a54f2c5e18b8c2aad8c6f8ba474760e70fdaaca3
NeoBundleLock vim-easy-align 3b395bd5bafbdfb1f93190fa3f259b7ad2e40eb9
NeoBundleLock vim-exchange 05d82b87711c6c8b9b7389bfb91c24bc4f62aa87
NeoBundleLock vim-expand 9158214ce31da5ef77a08721cf8c8d630a01dd2b
NeoBundleLock vim-extradite 52326f6d333cdbb9e9c6d6772af87f4f39c00526
NeoBundleLock vim-fidget 4309192ab420b46f9c0c7a9feaee367497e90561
NeoBundleLock vim-fugitive f44845e4408aae03e018e98afb7fbf0c2ee87dd5
NeoBundleLock vim-fugitive-blame-ext dd4096e17891cbd501d1464689fe414b7e37550b
NeoBundleLock vim-git a08ca046128988beb3461d44de91524350be7678
NeoBundleLock vim-go b9c81562630e9dfc098d25814c16bedcfcf9ffa9
NeoBundleLock vim-grepper 8a459fe5dd1b41540b279ad0e28950dc886f2fd3
NeoBundleLock vim-haml 1f2e47c78c2faf90ff419c2f4e1241094844678c
NeoBundleLock vim-hier 0b8c365263551a67404ebd7e528c55e17c1d3de7
NeoBundleLock vim-html5validator 9354f66df436efb33f4b93c2a169eb7c655f3d4c
NeoBundleLock vim-javascript 97a8ab46e384306084ceb10425f71f694691bbd7
NeoBundleLock vim-jdaddy fccddca8092ca3dfa843e9e33fc7be8c8ef1c727
NeoBundleLock vim-json f5e3181d0b33a9c51377bb7ea8492feddca8b503
NeoBundleLock vim-jsx eb656ed96435ccf985668ebd7bb6ceb34b736213
NeoBundleLock vim-lookup a70580f802d283ffd39ac67d818b5e5843f24cb9
NeoBundleLock vim-misc 3e6b8fb6f03f13434543ce1f5d24f6a5d3f34f0b
NeoBundleLock vim-mustache-handlebars d1c983f3dd9a159c128c5192062caf7d47fd0f14
NeoBundleLock vim-obsession ad1ef9a0db9a03463b005b488fd27cb735317394
NeoBundleLock vim-online-thesaurus 09787bb3990298a67cf07f6336661f38e3f6e8ff
NeoBundleLock vim-operator-assign 705e5a5a3c052452f3ed786778fa394753387cc9
NeoBundleLock vim-operator-replace 1345a556a321a092716e149d4765a5e17c0e9f0f
NeoBundleLock vim-operator-user c3dfd41c1ed516b4b901c97562e644de62c367aa
NeoBundleLock vim-prettyprint d6060d2b1ff1cff71714e126addd3b10883ade12
NeoBundleLock vim-quickhl 8f24bf90d746c27349bf8a6244484c0cbfe762eb
NeoBundleLock vim-quickrun 95da1f83c4a1988a3808492e2b2e169ed408d3e2
NeoBundleLock vim-rails 09ffc844ef959ffe133d0994641ade192531007e
NeoBundleLock vim-randomtag 5784fa17a410d927577646acb65de63eb4b63b64
NeoBundleLock vim-ref b45d10f6d0c82e3afd17774626e952fde03274a1
NeoBundleLock vim-reload 0a601a668727f5b675cb1ddc19f6861f3f7ab9e1
NeoBundleLock vim-repeat 7a6675f092842c8f81e71d5345bd7cdbf3759415
NeoBundleLock vim-rest-console 28e46087dc0a80005080cc6b91c6ed221e7c79c3
NeoBundleLock vim-rubocop 1c57918086d22cc9db829125f6b78226feae86a3
NeoBundleLock vim-scala a6a350f7c632d0e640b57f9dcc7e123409a7bcd7
NeoBundleLock vim-scriptease b9720e64c676f0c747a3829e1f0b1b86daedefd8
NeoBundleLock vim-signature 7e13913188809c45e14988270213744d1c3bb485
NeoBundleLock vim-sleuth 62c4f261874dd44e6cdc6788b4a6bc59f9dfe746
NeoBundleLock vim-slime 4b0019dcaf2d3cfcf24b2fdfb2b21c05a3b84742
NeoBundleLock vim-smartchr f689b54cf488d5f1fc819553f6d986c567be5dfb
NeoBundleLock vim-sneak 1734d847d008caca16609cf128ff8ea6372c6b25
NeoBundleLock vim-snippets 60b736b4be089fcb5c90a9ed7943bd4ea8629247
NeoBundleLock vim-speeddating 426c792e479f6e1650a6996c683943a09344c21e
NeoBundleLock vim-submode d44a302b3ca97c8014c35c93893ca8fec0b95e4e
NeoBundleLock vim-surround e49d6c2459e0f5569ff2d533b4df995dd7f98313
NeoBundleLock vim-swift 85025c4af417b5462831935dd7c2d57e4a5559bd
NeoBundleLock vim-terraform a2d4a0a7e9e947ae22ebca7b2b4e3f70c84eec7d
NeoBundleLock vim-test 453db3d6dce641f91c66731aad971530729ca172
NeoBundleLock vim-textmanip 2c2b23cae19eef5e634fa4a3efdf7081363d65a0
NeoBundleLock vim-textobj-between b4986c108a6c335d9619fc035b8c0d3f6f0b8183
NeoBundleLock vim-textobj-datetime be2db6717e91bd14b99ab364ea09347903a6dce4
NeoBundleLock vim-textobj-enclosedsyntax d6ee9fbdf9b5fc594f473d9110bd9ba3036b3e66
NeoBundleLock vim-textobj-entire 41c12e1d957f9247cf31b7444a3077c581d2776c
NeoBundleLock vim-textobj-fold 947d768785e2d1e7484c5d729cd0e5a8e53e9584
NeoBundleLock vim-textobj-function adb50f38499b1f558cbd58845e3e91117e4538cf
NeoBundleLock vim-textobj-indent deb76867c302f933c8f21753806cbf2d8461b548
NeoBundleLock vim-textobj-rubyblock 2b882e2cc2599078f75e6e88cd268192bf7b27bf
NeoBundleLock vim-textobj-rubysymbol 7fd2a8bde1be3030dccddaa6e2be16bac4f2c881
NeoBundleLock vim-textobj-underscore 41fcdacaa5c763063a4b4f715cc22962075f22d6
NeoBundleLock vim-textobj-user a3054162c09bcf732624f43ddacbd85dad09713b
NeoBundleLock vim-textobj-variable-segment 7ce74730dbc352fd249af4b779fea5240d983ff0
NeoBundleLock vim-tmux 876f0bd2a7296c985fc9e68e23495621c1c554e1
NeoBundleLock vim-twig cd936524f34fc47bcb1f46a03c5614208c42383e
NeoBundleLock vim-unimpaired 11dc568dbfd7a56866a4354c737515769f08e9fe
NeoBundleLock vim-unite-giti ea33f94d282605d09f5be789f26e7334e420952b
NeoBundleLock vim-unite-history 73c766a4dcaa52a1c0306aad81403dc4457c1776
NeoBundleLock vim-unstack a6c562fd2582fc8258b72ced0011ac2e6eb81525
NeoBundleLock vim-vigemo f6d4484b5e7405be6f0b6ef061ec35c86189fbb8
NeoBundleLock vim_goshrepl db5e2ad7d0ff51d0b4d8e4a8ac4943dcacd4230f
NeoBundleLock vimfiler 72c37e897d09a8749417a3322a25ee45aa3a4ed3
NeoBundleLock vimproc 25cb83f24edec4aec1e9f1329302235e7a7a7fe0
NeoBundleLock vimroom b9d1fa7d460dac878cbc8c945a45439d92ce0cb2
NeoBundleLock vimux 2285cefee9dfb2139ebc8299d11a6c8c0f21309e
NeoBundleLock vinarise.vim 1dab10a0639d7a9fe0085d119c76648e2f1012b9
NeoBundleLock w3m.vim 228a852b188f1a62ecea55fa48b0ec892fa6bad7
NeoBundleLock webapi-vim e3fa93f29a3a0754204002775e140d8a9acfd7fd
