NeoBundleLock CSScomb-for-Vim 3fa936353012307104e95ba126c945e7ff3d7245
NeoBundleLock FastFold d080780a000fa025832e01fb2b79768d4ad0bc2b
NeoBundleLock Join 9a6815881646710d1a53267eaa01a7d7b4777d73
NeoBundleLock LaTeX-Box 3c2901e12cb78bfb2be58ba4c62a488612550fe1
NeoBundleLock MatchTagAlways e59a8d1315343ff76802f0a44ff8b59e999d83f4
NeoBundleLock Recover.vim f6c403331ec2a082744e0f182d231deb41672683
NeoBundleLock TweetVim 3cedd9680baf5a8a0d233dda2b3a83775290e9b9
NeoBundleLock UnconditionalPaste 1ace5e3aae521499679f254950d4a06d176d7ba2
NeoBundleLock VimCalc bdfd242a3179fb777f31053bd781b83ec2a1e534
NeoBundleLock ag.vim 994c27dd8f237573208548e7480e39b24ccbbfba
NeoBundleLock benchvimrc-vim 00c5e2299d3c7fcba2ae4218ad7a8ebdf45e7737
NeoBundleLock clam.vim a38c9ee62b1ecc1e91b233981f7227d280c82787
NeoBundleLock cosco.vim dfbd187b20401f636e9cacd008f876ce190b32ca
NeoBundleLock devdocs.vim 4ee0c77f0fd5b82202f63360cc549629730c0e5a
NeoBundleLock emmet-vim 0ccaa29dbde268888be21705b0de5de89b59ef48
NeoBundleLock funcoo.vim acb0b4f38f26ecd7760b893ef8c2b2183e280d63
NeoBundleLock gist-vim 88c331e2e07765090112a396e5e119b39b5aa754
NeoBundleLock gitv f0616624ee77e3a29a5d5faba02a5453bc45681b
NeoBundleLock glowshi-ft.vim f64d531d2068bd56173b064301d1f80f5517ee5b
NeoBundleLock gundo.vim e7fe41024ace9047eee610f23311d44fd9d917c0
NeoBundleLock html5.vim fccd580f5f11d576169ee347907c9fbd77af410a
NeoBundleLock incsearch.vim 275044261ff1865f3c05ecaf0f5dcc3efd81975d
NeoBundleLock indentLine 2a2617310b0fb4c0daf02be2ba465fada257f2d0
NeoBundleLock inline_edit.vim 4a2ad9a1850ee009f687090bd33b4d7fdfe2d36b
NeoBundleLock investigate.vim 326edb7d00e05d51d3773bc724cd2a69c5e4fa71
NeoBundleLock junkfile.vim 959b3137dda456789d402b416d962baefc3b5ab4
NeoBundleLock lexima.vim 93cfcf83c72edf431f21f5a757201264eed97ae5
NeoBundleLock lightline.vim 5f50a0d0fac1bcfa3cfd082d93e5cbceee3ac752
NeoBundleLock linediff.vim 0c60eb4de8827d762137e7d956219ee7f5b67494
NeoBundleLock matchit.zip ced6c409c9beeb0b4142d21906606bd194411d1d
NeoBundleLock neco-look 86a5e98d02dc3a96e42e41921cae3f153db0edfa
NeoBundleLock neobundle.vim d4e76e8230f73949534920c52b4b9d85763ba11f
NeoBundleLock neocomplete bd5cc9e73dedb07f1ab0a99cc7943ef16732e3e9
NeoBundleLock neomru.vim e86ebb07c3498e81b13a195330831eb845555633
NeoBundleLock neosnippet bcb7620a852a542d0940a2ff691deb9da9309f07
NeoBundleLock neosnippet-snippets 1cd353ac0d0e9ad0eba9d57e3eda34b3abefd7ff
NeoBundleLock nerdcommenter 1f4bfd59920c101a30a74a07b824608a6e65f3fe
NeoBundleLock open-browser.vim 9aefebf2a6af73f2657754c18ef89e399ae573bf
NeoBundleLock operator-camelize.vim 9a970d68d7e3f2134a079329e6f5bcf331cd7262
NeoBundleLock plantuml-syntax c54bba3fe9172d8580975ce1fae4de50f32f029a
NeoBundleLock previm 228bc8a843bb6f0b3123d757a26153f8a10cb002
NeoBundleLock qfixhowm dd58bd8a50739213b2b89db663054f3e2d7c5cb9
NeoBundleLock scilab.vim d3d8af2b82a43c0f0e1c55e5834d4ec398ea73b2
NeoBundleLock scss-syntax.vim a834e4357dd91252b507a6893ef19e8d932c5f83
NeoBundleLock shabadou.vim c5af30bb0c028d53cfd89e00cab636c844034a9a
NeoBundleLock sideways.vim b350176cb432fe62e3b520bfa758a8585e9ea03e
NeoBundleLock simplenote.vim 3d9d182d2f55a72d7bc8b61a94069c96be9b3358
NeoBundleLock splice.vim 4d322d823563f6fd2d72c129b1e99f5a98060fa8
NeoBundleLock splitjoin.vim 3f6cd672a8b41f251c2467074d17d1632a47b731
NeoBundleLock switch.vim 371d6812d8d072d99f8191e0d49f0ab70475eaf5
NeoBundleLock syntastic 9f766ead6aaa91802c5dd86bcd00ccab0b7e189c
NeoBundleLock tabular 60f25648814f0695eeb6c1040d97adca93c4e0bb
NeoBundleLock tagbar 7b36c46d17d57db34fdb0adac9ba6382d0bb5e66
NeoBundleLock targets.vim f6f2d6618a321f5b0065586a7bc934325fec81ab
NeoBundleLock textobj-word-column.vim cb40e1459817a7fa23741ff6df05e4481bde5a33
NeoBundleLock twibill.vim a1ef62a2d0800d53838a981410b41a73150e1b74
NeoBundleLock unite-compiler ccbbdacaf5aeffd0341b8f4d97a242dd70b9b25f
NeoBundleLock unite-ghq 586d7ae71e570810871efab0a29540cea4316dee
NeoBundleLock unite-git fdf7457e851ddcc278c7952398ecc904ead16f12
NeoBundleLock unite-gtags 9374da872a702c4ca82b33e31e8f389ce02d2d66
NeoBundleLock unite-help 5a8dc6cf157627f8ebf16ca60dec2d4125f8008f
NeoBundleLock unite-mark c6353b0b0a3ecb2dd316b57a351cd71eb580bf57
NeoBundleLock unite-outline 1d32a29d7069cb88d85cf4988cc35c8f18ec5543
NeoBundleLock unite-quickfix f9b8d5f95ff2536abca1e81bd67dc740e5ee24a6
NeoBundleLock unite-rails 1509884b919f0669e07cd73eb86118dd916c3af7
NeoBundleLock unite-rake 8050686ff413450d6b70bcff75781e9814c64420
NeoBundleLock unite-tag b3a890a1af89c31c7a61a12c80a9b22b62da71bc
NeoBundleLock unite.vim a126b978db13f14c4465dc4a8b5dfef1dfe3bec6
NeoBundleLock vim-abolish e6a170cda8ee542ec5f1384c9643d4330ee6b181
NeoBundleLock vim-accordion 8342e9be672555eb06f592067caf026872d94e34
NeoBundleLock vim-addon-local-vimrc 6a27f95b35befa70cd0d049329cd0920566c764b
NeoBundleLock vim-altercmd 69b471b3b215bbebd2580d1663dc811f9a09b25a
NeoBundleLock vim-autoformat 5b22a44982ff448dd48fffb62ddee5f1a2d30453
NeoBundleLock vim-bookmarks c1cfec17fd81f51411e559ea32c97ce8f5510b0c
NeoBundleLock vim-bundler b42217a20cd4cac5a00096dc4e98d2497c21b3fe
NeoBundleLock vim-capslock 6c5b03ecf8bae9c2ca140b735bcbd4ea79ac147a
NeoBundleLock vim-characterize c6d26e5017ab8637bac30db7448ddabfaa238cce
NeoBundleLock vim-coffee-script 0f4bd9776cfd0fd2a394a4b1991630698e4fdc2d
NeoBundleLock vim-colors-solarized 528a59f26d12278698bb946f8fb82a63711eec21
NeoBundleLock vim-css-color 81ce9558b0f5c8f0b015042415566f02360c67d0
NeoBundleLock vim-css3-syntax 3993c90e1dba47975feaf726459cf19aaf2155f4
NeoBundleLock vim-ctrlspace f7987e4e21b238732632be704d033a73aacbb65d
NeoBundleLock vim-dispatch eb3e564fb1edfee09fe6aeb57f3388e273da72c8
NeoBundleLock vim-exchange 9373a8471cd968e5e4605c3487f80c9364d412b2
NeoBundleLock vim-expand 25f57eb2197a38616ecd95b4ac210f8fc3dd9357
NeoBundleLock vim-extradite 52326f6d333cdbb9e9c6d6772af87f4f39c00526
NeoBundleLock vim-fugitive e1ae9effbcc9673bdc4bedbdbe6028f00114108c
NeoBundleLock vim-fugitive-blame-ext dd4096e17891cbd501d1464689fe414b7e37550b
NeoBundleLock vim-git 9e16c8853ec9eff37bc3b7836f6609a2c45dd041
NeoBundleLock vim-go 7828855f3eb168d2daec1d1304499d5a8cefdced
NeoBundleLock vim-haml 1f2e47c78c2faf90ff419c2f4e1241094844678c
NeoBundleLock vim-hardtime 9f14fc8223e6f969f9a7c7867d56a6ebf232943a
NeoBundleLock vim-hier 0b8c365263551a67404ebd7e528c55e17c1d3de7
NeoBundleLock vim-html5validator 9354f66df436efb33f4b93c2a169eb7c655f3d4c
NeoBundleLock vim-javascript 1d8c2677d26d6b3950b90dc1636e63334c8efc3b
NeoBundleLock vim-jdaddy fccddca8092ca3dfa843e9e33fc7be8c8ef1c727
NeoBundleLock vim-json f5e3181d0b33a9c51377bb7ea8492feddca8b503
NeoBundleLock vim-misc 3e6b8fb6f03f13434543ce1f5d24f6a5d3f34f0b
NeoBundleLock vim-mustache-handlebars d1c983f3dd9a159c128c5192062caf7d47fd0f14
NeoBundleLock vim-niji 4b10abe28929d0493282fd1215506531a15bed7d
NeoBundleLock vim-obsession ad1ef9a0db9a03463b005b488fd27cb735317394
NeoBundleLock vim-online-thesaurus b27ecc3f2babe5c30b7bdd2297fa4f94d62c53d2
NeoBundleLock vim-operator-assign 705e5a5a3c052452f3ed786778fa394753387cc9
NeoBundleLock vim-operator-replace 1345a556a321a092716e149d4765a5e17c0e9f0f
NeoBundleLock vim-operator-user c3dfd41c1ed516b4b901c97562e644de62c367aa
NeoBundleLock vim-prettyprint 1fdce0814a8abca512cbf0468ec0529c96530916
NeoBundleLock vim-projectionist 372d529d22ac6d2952472438157ee03b7a3fd8ae
NeoBundleLock vim-qfreplace 89e64ae24fb4b8e2402ba6d84971c06606f4adf4
NeoBundleLock vim-quickhl 8f24bf90d746c27349bf8a6244484c0cbfe762eb
NeoBundleLock vim-quickrun ac9f4be0698dffb30ebdf284f8ba5abbaab5eaca
NeoBundleLock vim-rails eb388f0836236de808d2deab227d2ec29d5c3d66
NeoBundleLock vim-randomtag 4e4e0e5e2ee500263de4e1ca8bac2fd3a99371eb
NeoBundleLock vim-ref 007b0ac409100cf2b83eb7dace5c8235e3737fef
NeoBundleLock vim-ref-ri e3a2dbb71af73bf15c9c2134cc3630edc60331eb
NeoBundleLock vim-reload 0a601a668727f5b675cb1ddc19f6861f3f7ab9e1
NeoBundleLock vim-repeat 7a6675f092842c8f81e71d5345bd7cdbf3759415
NeoBundleLock vim-rubocop 1c57918086d22cc9db829125f6b78226feae86a3
NeoBundleLock vim-scala e590ca15ea8a35dd9f70f03273ee36ba6b6cb08b
NeoBundleLock vim-scriptease 3fa4aabaecc00a3ccec376d8e6e1af19465eefe2
NeoBundleLock vim-signature a55d756878f33c35692ceee2a2ee3ab61410de4b
NeoBundleLock vim-sleuth a17462708aa40a7fc0afd4effa559087d8a2c908
NeoBundleLock vim-slime 0f7d4eabd64be879efa3d34f78b4c58c970cd2c8
NeoBundleLock vim-sneak f22ee25e5fb9c408bb595a1e5766f510392f1b90
NeoBundleLock vim-snippets 016da6cc432bd1a9d2a4ca05b5c48611924a0feb
NeoBundleLock vim-speeddating 426c792e479f6e1650a6996c683943a09344c21e
NeoBundleLock vim-submode d44a302b3ca97c8014c35c93893ca8fec0b95e4e
NeoBundleLock vim-surround 2d05440ad23f97a7874ebd9b5de3a0e65d25d85c
NeoBundleLock vim-swift 1dbed3e3909ac1e5be7f45b7776e97bcf723e7e3
NeoBundleLock vim-terraform bfc6ef2a62b9250442e15d8d1e225c30f3fb8835
NeoBundleLock vim-test df8f5585c1d7cc175a9b6bbbdd0b552cadb21571
NeoBundleLock vim-textmanip 5382160a3a1831de711079ad62982eccb3f34016
NeoBundleLock vim-textobj-between b4986c108a6c335d9619fc035b8c0d3f6f0b8183
NeoBundleLock vim-textobj-datetime be2db6717e91bd14b99ab364ea09347903a6dce4
NeoBundleLock vim-textobj-enclosedsyntax d6ee9fbdf9b5fc594f473d9110bd9ba3036b3e66
NeoBundleLock vim-textobj-entire 41c12e1d957f9247cf31b7444a3077c581d2776c
NeoBundleLock vim-textobj-fold 947d768785e2d1e7484c5d729cd0e5a8e53e9584
NeoBundleLock vim-textobj-function adb50f38499b1f558cbd58845e3e91117e4538cf
NeoBundleLock vim-textobj-indent deb76867c302f933c8f21753806cbf2d8461b548
NeoBundleLock vim-textobj-rubyblock e9edab34fc6389b10a6887ad09b4b6ed6e56c667
NeoBundleLock vim-textobj-rubysymbol 7fd2a8bde1be3030dccddaa6e2be16bac4f2c881
NeoBundleLock vim-textobj-underscore 41fcdacaa5c763063a4b4f715cc22962075f22d6
NeoBundleLock vim-textobj-user a3054162c09bcf732624f43ddacbd85dad09713b
NeoBundleLock vim-textobj-variable-segment d4453e1ad7cb0b47c7fb2ccf204729ab74361f5a
NeoBundleLock vim-tmux 876f0bd2a7296c985fc9e68e23495621c1c554e1
NeoBundleLock vim-twig 4e8e678f0f46bd75db4530fbe1ec05dd941764da
NeoBundleLock vim-unimpaired 11dc568dbfd7a56866a4354c737515769f08e9fe
NeoBundleLock vim-unite-giti ea33f94d282605d09f5be789f26e7334e420952b
NeoBundleLock vim-unite-history 73c766a4dcaa52a1c0306aad81403dc4457c1776
NeoBundleLock vim-unstack a6c562fd2582fc8258b72ced0011ac2e6eb81525
NeoBundleLock vim-vigemo f6d4484b5e7405be6f0b6ef061ec35c86189fbb8
NeoBundleLock vim_goshrepl db5e2ad7d0ff51d0b4d8e4a8ac4943dcacd4230f
NeoBundleLock vimfiler 95d40001555f1a8b753ec34a864fb4e1f6ebafd8
NeoBundleLock vimproc bca9fef7faf530d0f3db5dfd61bef46384f06efe
NeoBundleLock vimroom b9d1fa7d460dac878cbc8c945a45439d92ce0cb2
NeoBundleLock vimux 2285cefee9dfb2139ebc8299d11a6c8c0f21309e
NeoBundleLock w3m.vim 228a852b188f1a62ecea55fa48b0ec892fa6bad7
NeoBundleLock webapi-vim 5726e8270e2a774c7200ca79868b4128c0c57ad7
